<?xml version="1.0" encoding="utf-8"?>
<Project ToolsVersion="4.0" xmlns="http://schemas.microsoft.com/developer/msbuild/2003">
  <ItemGroup>
    <Filter Include="Source Files">
      <UniqueIdentifier>{b199dfc8-2114-4be4-83f9-7dab25c4e1e9}</UniqueIdentifier>
      <Extensions>cpp;c;cxx;rc;def;r;odl;idl;hpj;bat</Extensions>
    </Filter>
    <Filter Include="Header Files">
      <UniqueIdentifier>{2cbbd929-5e48-4b49-82c3-7750013c3415}</UniqueIdentifier>
      <Extensions>h;hpp;hxx;hm;inl</Extensions>
    </Filter>
    <Filter Include="Resource Files">
      <UniqueIdentifier>{45f15163-37e9-4575-b4a9-054621fba351}</UniqueIdentifier>
      <Extensions>ico;cur;bmp;dlg;rc2;rct;bin;rgs;gif;jpg;jpeg;jpe</Extensions>
    </Filter>
  </ItemGroup>
  <ItemGroup>
    <ClCompile Include="OZUtest.cpp">
      <Filter>Source Files</Filter>
    </ClCompile>
    <ClCompile Include="SI_test.cpp">
      <Filter>Source Files</Filter>
    </ClCompile>
    <ClCompile Include="SO_test.cpp">
      <Filter>Source Files</Filter>
    </ClCompile>
    <ClCompile Include="tvk02061.cpp">
      <Filter>Source Files</Filter>
    </ClCompile>
    <ClCompile Include="library02061.cpp">
      <Filter>Source Files</Filter>
    </ClCompile>
    <ClCompile Include="OpenECE0206byIndex.cpp">
      <Filter>Source Files</Filter>
    </ClCompile>
    <ClCompile Include="module.cpp">
      <Filter>Source Files</Filter>
    </ClCompile>
  </ItemGroup>
  <ItemGroup>
    <CustomBuild Include="ReadMe.txt" />
  </ItemGroup>
  <ItemGroup>
    <ClInclude Include="tvk02061.h">
      <Filter>Header Files</Filter>
    </ClInclude>
    <ClInclude Include="intrfECE0206.h">
      <Filter>Header Files</Filter>
    </ClInclude>
    <ClInclude Include="ioctlECE0206.h">
      <Filter>Header Files</Filter>
    </ClInclude>
  </ItemGroup>
</Project>